
Microsoft Visual Studio Solution File, Format Version 12.00
# Visual Studio 2013
VisualStudioVersion = 12.0.21005.1
MinimumVisualStudioVersion = 10.0.40219.1
Project("{FAE04EC0-301F-11D3-BF4B-00C04F79EFBC}") = "SimpleSketch-3353", "SimpleSketch-3353\SimpleSketch-3353.csproj", "{B13A916E-1585-4F4D-8A0F-E1909FA5889B}"
EndProject
Global
	GlobalSection(SolutionConfigurationPlatforms) = preSolution
		Debug|Any CPU = Debug|Any CPU
		Release|Any CPU = Release|Any CPU
	EndGlobalSection
	GlobalSection(ProjectConfigurationPlatforms) = postSolution
		{B13A916E-1585-4F4D-8A0F-E1909FA5889B}.Debug|Any CPU.ActiveCfg = Debug|Any CPU
		{B13A916E-1585-4F4D-8A0F-E1909FA5889B}.Debug|Any CPU.Build.0 = Debug|Any CPU
		{B13A916E-1585-4F4D-8A0F-E1909FA5889B}.Release|Any CPU.ActiveCfg = Release|Any CPU
		{B13A916E-1585-4F4D-8A0F-E1909FA5889B}.Release|Any CPU.Build.0 = Release|Any CPU
	EndGlobalSection
	GlobalSection(SolutionProperties) = preSolution
		HideSolutionNode = FALSE
	EndGlobalSection
EndGlobal
